// !$*UTF8*$!
{
	archiveVersion = 1;
	classes = {
	};
	objectVersion = 46;
	objects = {

/* Begin PBXBuildFile section */
		0FCE3A28CBA8C684F741F393 /* Pods_ventures.framework in Frameworks */ = {isa = PBXBuildFile; fileRef = 156F4A485B81274A5887363C /* Pods_ventures.framework */; };
		F594F2F61FA73BFD009928E5 /* GoogleService-Info.plist in Resources */ = {isa = PBXBuildFile; fileRef = F594F2F51FA73BFD009928E5 /* GoogleService-Info.plist */; };
		F5C0728C1FA754C600AAD434 /* Montserrat-Italic.ttf in Resources */ = {isa = PBXBuildFile; fileRef = F5C0728B1FA754C600AAD434 /* Montserrat-Italic.ttf */; };
		F5E27CEC1FA7448A0019842E /* Montserrat-Bold.ttf in Resources */ = {isa = PBXBuildFile; fileRef = F5E27CEA1FA7448A0019842E /* Montserrat-Bold.ttf */; };
		F5E27CED1FA7448A0019842E /* Montserrat-Regular.ttf in Resources */ = {isa = PBXBuildFile; fileRef = F5E27CEB1FA7448A0019842E /* Montserrat-Regular.ttf */; };
		F5E27CEF1FA744CB0019842E /* Intro.otf in Resources */ = {isa = PBXBuildFile; fileRef = F5E27CEE1FA744CB0019842E /* Intro.otf */; };
		F5EDC1391FA739A200A1DBAF /* AppDelegate.swift in Sources */ = {isa = PBXBuildFile; fileRef = F5EDC1381FA739A200A1DBAF /* AppDelegate.swift */; };
		F5EDC13B1FA739A200A1DBAF /* ViewController.swift in Sources */ = {isa = PBXBuildFile; fileRef = F5EDC13A1FA739A200A1DBAF /* ViewController.swift */; };
		F5EDC13E1FA739A200A1DBAF /* Main.storyboard in Resources */ = {isa = PBXBuildFile; fileRef = F5EDC13C1FA739A200A1DBAF /* Main.storyboard */; };
		F5EDC1401FA739A200A1DBAF /* Assets.xcassets in Resources */ = {isa = PBXBuildFile; fileRef = F5EDC13F1FA739A200A1DBAF /* Assets.xcassets */; };
		F5EDC1431FA739A200A1DBAF /* LaunchScreen.storyboard in Resources */ = {isa = PBXBuildFile; fileRef = F5EDC1411FA739A200A1DBAF /* LaunchScreen.storyboard */; };
/* End PBXBuildFile section */

/* Begin PBXFileReference section */
		1355C36326C6F3DB6EE0ED78 /* Pods-ventures.release.xcconfig */ = {isa = PBXFileReference; includeInIndex = 1; lastKnownFileType = text.xcconfig; name = "Pods-ventures.release.xcconfig"; path = "Pods/Target Support Files/Pods-ventures/Pods-ventures.release.xcconfig"; sourceTree = "<group>"; };
		156F4A485B81274A5887363C /* Pods_ventures.framework */ = {isa = PBXFileReference; explicitFileType = wrapper.framework; includeInIndex = 0; path = Pods_ventures.framework; sourceTree = BUILT_PRODUCTS_DIR; };
		BFC433B241B3C4F72B119FC4 /* Pods-ventures.debug.xcconfig */ = {isa = PBXFileReference; includeInIndex = 1; lastKnownFileType = text.xcconfig; name = "Pods-ventures.debug.xcconfig"; path = "Pods/Target Support Files/Pods-ventures/Pods-ventures.debug.xcconfig"; sourceTree = "<group>"; };
		F594F2F51FA73BFD009928E5 /* GoogleService-Info.plist */ = {isa = PBXFileReference; fileEncoding = 4; lastKnownFileType = text.plist.xml; path = "GoogleService-Info.plist"; sourceTree = "<group>"; };
		F5C0728B1FA754C600AAD434 /* Montserrat-Italic.ttf */ = {isa = PBXFileReference; lastKnownFileType = file; path = "Montserrat-Italic.ttf"; sourceTree = "<group>"; };
		F5E27CEA1FA7448A0019842E /* Montserrat-Bold.ttf */ = {isa = PBXFileReference; lastKnownFileType = file; path = "Montserrat-Bold.ttf"; sourceTree = "<group>"; };
		F5E27CEB1FA7448A0019842E /* Montserrat-Regular.ttf */ = {isa = PBXFileReference; lastKnownFileType = file; path = "Montserrat-Regular.ttf"; sourceTree = "<group>"; };
		F5E27CEE1FA744CB0019842E /* Intro.otf */ = {isa = PBXFileReference; lastKnownFileType = file; path = Intro.otf; sourceTree = "<group>"; };
		F5EDC1351FA739A200A1DBAF /* ventures.app */ = {isa = PBXFileReference; explicitFileType = wrapper.application; includeInIndex = 0; path = ventures.app; sourceTree = BUILT_PRODUCTS_DIR; };
		F5EDC1381FA739A200A1DBAF /* AppDelegate.swift */ = {isa = PBXFileReference; lastKnownFileType = sourcecode.swift; path = AppDelegate.swift; sourceTree = "<group>"; };
		F5EDC13A1FA739A200A1DBAF /* ViewController.swift */ = {isa = PBXFileReference; lastKnownFileType = sourcecode.swift; path = ViewController.swift; sourceTree = "<group>"; };
		F5EDC13D1FA739A200A1DBAF /* Base */ = {isa = PBXFileReference; lastKnownFileType = file.storyboard; name = Base; path = Base.lproj/Main.storyboard; sourceTree = "<group>"; };
		F5EDC13F1FA739A200A1DBAF /* Assets.xcassets */ = {isa = PBXFileReference; lastKnownFileType = folder.assetcatalog; path = Assets.xcassets; sourceTree = "<group>"; };
		F5EDC1421FA739A200A1DBAF /* Base */ = {isa = PBXFileReference; lastKnownFileType = file.storyboard; name = Base; path = Base.lproj/LaunchScreen.storyboard; sourceTree = "<group>"; };
		F5EDC1441FA739A200A1DBAF /* Info.plist */ = {isa = PBXFileReference; lastKnownFileType = text.plist.xml; path = Info.plist; sourceTree = "<group>"; };
/* End PBXFileReference section */

/* Begin PBXFrameworksBuildPhase section */
		F5EDC1321FA739A200A1DBAF /* Frameworks */ = {
			isa = PBXFrameworksBuildPhase;
			buildActionMask = 2147483647;
			files = (
				0FCE3A28CBA8C684F741F393 /* Pods_ventures.framework in Frameworks */,
			);
			runOnlyForDeploymentPostprocessing = 0;
		};
/* End PBXFrameworksBuildPhase section */

/* Begin PBXGroup section */
		3CB3E0D7800E38B5549EEA6C /* Frameworks */ = {
			isa = PBXGroup;
			children = (
				156F4A485B81274A5887363C /* Pods_ventures.framework */,
			);
			name = Frameworks;
			sourceTree = "<group>";
		};
		90FB829F3E7C174EE70F1481 /* Pods */ = {
			isa = PBXGroup;
			children = (
				BFC433B241B3C4F72B119FC4 /* Pods-ventures.debug.xcconfig */,
				1355C36326C6F3DB6EE0ED78 /* Pods-ventures.release.xcconfig */,
			);
			name = Pods;
			sourceTree = "<group>";
		};
		F594F2F71FA74242009928E5 /* Resources */ = {
			isa = PBXGroup;
			children = (
				F594F2F81FA743CD009928E5 /* Fonts */,
			);
			name = Resources;
			sourceTree = "<group>";
		};
		F594F2F81FA743CD009928E5 /* Fonts */ = {
			isa = PBXGroup;
			children = (
				F5E27CEE1FA744CB0019842E /* Intro.otf */,
				F5E27CEA1FA7448A0019842E /* Montserrat-Bold.ttf */,
				F5E27CEB1FA7448A0019842E /* Montserrat-Regular.ttf */,
				F5C0728B1FA754C600AAD434 /* Montserrat-Italic.ttf */,
			);
			name = Fonts;
			sourceTree = "<group>";
		};
		F5EDC12C1FA739A200A1DBAF = {
			isa = PBXGroup;
			children = (
				F5EDC1371FA739A200A1DBAF /* ventures */,
				F5EDC1361FA739A200A1DBAF /* Products */,
				90FB829F3E7C174EE70F1481 /* Pods */,
				3CB3E0D7800E38B5549EEA6C /* Frameworks */,
			);
			sourceTree = "<group>";
		};
		F5EDC1361FA739A200A1DBAF /* Products */ = {
			isa = PBXGroup;
			children = (
				F5EDC1351FA739A200A1DBAF /* ventures.app */,
			);
			name = Products;
			sourceTree = "<group>";
		};
		F5EDC1371FA739A200A1DBAF /* ventures */ = {
			isa = PBXGroup;
			children = (
				F594F2F71FA74242009928E5 /* Resources */,
				F5EDC1381FA739A200A1DBAF /* AppDelegate.swift */,
				F5EDC13A1FA739A200A1DBAF /* ViewController.swift */,
				F5EDC13C1FA739A200A1DBAF /* Main.storyboard */,
				F5EDC13F1FA739A200A1DBAF /* Assets.xcassets */,
				F5EDC1411FA739A200A1DBAF /* LaunchScreen.storyboard */,
				F5EDC1441FA739A200A1DBAF /* Info.plist */,
				F594F2F51FA73BFD009928E5 /* GoogleService-Info.plist */,
			);
			path = ventures;
			sourceTree = "<group>";
		};
/* End PBXGroup section */

/* Begin PBXNativeTarget section */
		F5EDC1341FA739A200A1DBAF /* ventures */ = {
			isa = PBXNativeTarget;
			buildConfigurationList = F5EDC1471FA739A200A1DBAF /* Build configuration list for PBXNativeTarget "ventures" */;
			buildPhases = (
				3CF228C84EE43B497B4DAA5A /* [CP] Check Pods Manifest.lock */,
				F5EDC1311FA739A200A1DBAF /* Sources */,
				F5EDC1321FA739A200A1DBAF /* Frameworks */,
				F5EDC1331FA739A200A1DBAF /* Resources */,
				6036F7F3471B04D29BF09E6F /* [CP] Embed Pods Frameworks */,
				C736C4647821304542EC8196 /* [CP] Copy Pods Resources */,
			);
			buildRules = (
			);
			dependencies = (
			);
			name = ventures;
			productName = ventures;
			productReference = F5EDC1351FA739A200A1DBAF /* ventures.app */;
			productType = "com.apple.product-type.application";
		};
/* End PBXNativeTarget section */

/* Begin PBXProject section */
		F5EDC12D1FA739A200A1DBAF /* Project object */ = {
			isa = PBXProject;
			attributes = {
				LastSwiftUpdateCheck = 0820;
				LastUpgradeCheck = 0820;
				ORGANIZATIONNAME = Restart;
				TargetAttributes = {
					F5EDC1341FA739A200A1DBAF = {
						CreatedOnToolsVersion = 8.2.1;
						ProvisioningStyle = Automatic;
					};
				};
			};
			buildConfigurationList = F5EDC1301FA739A200A1DBAF /* Build configuration list for PBXProject "ventures" */;
			compatibilityVersion = "Xcode 3.2";
			developmentRegion = English;
			hasScannedForEncodings = 0;
			knownRegions = (
				en,
				Base,
			);
			mainGroup = F5EDC12C1FA739A200A1DBAF;
			productRefGroup = F5EDC1361FA739A200A1DBAF /* Products */;
			projectDirPath = "";
			projectRoot = "";
			targets = (
				F5EDC1341FA739A200A1DBAF /* ventures */,
			);
		};
/* End PBXProject section */

/* Begin PBXResourcesBuildPhase section */
		F5EDC1331FA739A200A1DBAF /* Resources */ = {
			isa = PBXResourcesBuildPhase;
			buildActionMask = 2147483647;
			files = (
				F5E27CED1FA7448A0019842E /* Montserrat-Regular.ttf in Resources */,
				F5E27CEC1FA7448A0019842E /* Montserrat-Bold.ttf in Resources */,
				F5EDC1431FA739A200A1DBAF /* LaunchScreen.storyboard in Resources */,
				F5C0728C1FA754C600AAD434 /* Montserrat-Italic.ttf in Resources */,
				F594F2F61FA73BFD009928E5 /* GoogleService-Info.plist in Resources */,
				F5E27CEF1FA744CB0019842E /* Intro.otf in Resources */,
				F5EDC1401FA739A200A1DBAF /* Assets.xcassets in Resources */,
				F5EDC13E1FA739A200A1DBAF /* Main.storyboard in Resources */,
			);
			runOnlyForDeploymentPostprocessing = 0;
		};
/* End PBXResourcesBuildPhase section */

/* Begin PBXShellScriptBuildPhase section */
		3CF228C84EE43B497B4DAA5A /* [CP] Check Pods Manifest.lock */ = {
			isa = PBXShellScriptBuildPhase;
			buildActionMask = 2147483647;
			files = (
			);
			inputPaths = (
				"${PODS_PODFILE_DIR_PATH}/Podfile.lock",
				"${PODS_ROOT}/Manifest.lock",
			);
			name = "[CP] Check Pods Manifest.lock";
			outputPaths = (
				"$(DERIVED_FILE_DIR)/Pods-ventures-checkManifestLockResult.txt",
			);
			runOnlyForDeploymentPostprocessing = 0;
			shellPath = /bin/sh;
			shellScript = "diff \"${PODS_PODFILE_DIR_PATH}/Podfile.lock\" \"${PODS_ROOT}/Manifest.lock\" > /dev/null\nif [ $? != 0 ] ; then\n    # print error to STDERR\n    echo \"error: The sandbox is not in sync with the Podfile.lock. Run 'pod install' or update your CocoaPods installation.\" >&2\n    exit 1\nfi\n# This output is used by Xcode 'outputs' to avoid re-running this script phase.\necho \"SUCCESS\" > \"${SCRIPT_OUTPUT_FILE_0}\"\n";
			showEnvVarsInLog = 0;
		};
		6036F7F3471B04D29BF09E6F /* [CP] Embed Pods Frameworks */ = {
			isa = PBXShellScriptBuildPhase;
			buildActionMask = 2147483647;
			files = (
			);
			inputPaths = (
				"${SRCROOT}/Pods/Target Support Files/Pods-ventures/Pods-ventures-frameworks.sh",
				"${BUILT_PRODUCTS_DIR}/BoringSSL/openssl.framework",
				"${BUILT_PRODUCTS_DIR}/GTMSessionFetcher/GTMSessionFetcher.framework",
				"${BUILT_PRODUCTS_DIR}/GoogleToolboxForMac/GoogleToolboxForMac.framework",
				"${BUILT_PRODUCTS_DIR}/Protobuf/Protobuf.framework",
				"${BUILT_PRODUCTS_DIR}/gRPC/GRPCClient.framework",
				"${BUILT_PRODUCTS_DIR}/gRPC-Core/grpc.framework",
				"${BUILT_PRODUCTS_DIR}/gRPC-ProtoRPC/ProtoRPC.framework",
				"${BUILT_PRODUCTS_DIR}/gRPC-RxLibrary/RxLibrary.framework",
				"${BUILT_PRODUCTS_DIR}/leveldb-library/leveldb.framework",
				"${BUILT_PRODUCTS_DIR}/nanopb/nanopb.framework",
			);
			name = "[CP] Embed Pods Frameworks";
			outputPaths = (
				"${TARGET_BUILD_DIR}/${FRAMEWORKS_FOLDER_PATH}/openssl.framework",
				"${TARGET_BUILD_DIR}/${FRAMEWORKS_FOLDER_PATH}/GTMSessionFetcher.framework",
				"${TARGET_BUILD_DIR}/${FRAMEWORKS_FOLDER_PATH}/GoogleToolboxForMac.framework",
				"${TARGET_BUILD_DIR}/${FRAMEWORKS_FOLDER_PATH}/Protobuf.framework",
				"${TARGET_BUILD_DIR}/${FRAMEWORKS_FOLDER_PATH}/GRPCClient.framework",
				"${TARGET_BUILD_DIR}/${FRAMEWORKS_FOLDER_PATH}/grpc.framework",
				"${TARGET_BUILD_DIR}/${FRAMEWORKS_FOLDER_PATH}/ProtoRPC.framework",
				"${TARGET_BUILD_DIR}/${FRAMEWORKS_FOLDER_PATH}/RxLibrary.framework",
				"${TARGET_BUILD_DIR}/${FRAMEWORKS_FOLDER_PATH}/leveldb.framework",
				"${TARGET_BUILD_DIR}/${FRAMEWORKS_FOLDER_PATH}/nanopb.framework",
			);
			runOnlyForDeploymentPostprocessing = 0;
			shellPath = /bin/sh;
			shellScript = "\"${SRCROOT}/Pods/Target Support Files/Pods-ventures/Pods-ventures-frameworks.sh\"\n";
			showEnvVarsInLog = 0;
		};
		C736C4647821304542EC8196 /* [CP] Copy Pods Resources */ = {
			isa = PBXShellScriptBuildPhase;
			buildActionMask = 2147483647;
			files = (
			);
			inputPaths = (
			);
			name = "[CP] Copy Pods Resources";
			outputPaths = (
			);
			runOnlyForDeploymentPostprocessing = 0;
			shellPath = /bin/sh;
			shellScript = "\"${SRCROOT}/Pods/Target Support Files/Pods-ventures/Pods-ventures-resources.sh\"\n";
			showEnvVarsInLog = 0;
		};
/* End PBXShellScriptBuildPhase section */

/* Begin PBXSourcesBuildPhase section */
		F5EDC1311FA739A200A1DBAF /* Sources */ = {
			isa = PBXSourcesBuildPhase;
			buildActionMask = 2147483647;
			files = (
				F5EDC13B1FA739A200A1DBAF /* ViewController.swift in Sources */,
				F5EDC1391FA739A200A1DBAF /* AppDelegate.swift in Sources */,
			);
			runOnlyForDeploymentPostprocessing = 0;
		};
/* End PBXSourcesBuildPhase section */

/* Begin PBXVariantGroup section */
		F5EDC13C1FA739A200A1DBAF /* Main.storyboard */ = {
			isa = PBXVariantGroup;
			children = (
				F5EDC13D1FA739A200A1DBAF /* Base */,
			);
			name = Main.storyboard;
			sourceTree = "<group>";
		};
		F5EDC1411FA739A200A1DBAF /* LaunchScreen.storyboard */ = {
			isa = PBXVariantGroup;
			children = (
				F5EDC1421FA739A200A1DBAF /* Base */,
			);
			name = LaunchScreen.storyboard;
			sourceTree = "<group>";
		};
/* End PBXVariantGroup section */

/* Begin XCBuildConfiguration section */
		F5EDC1451FA739A200A1DBAF /* Debug */ = {
			isa = XCBuildConfiguration;
			buildSettings = {
				ALWAYS_SEARCH_USER_PATHS = NO;
				CLANG_ANALYZER_NONNULL = YES;
				CLANG_CXX_LANGUAGE_STANDARD = "gnu++0x";
				CLANG_CXX_LIBRARY = "libc++";
				CLANG_ENABLE_MODULES = YES;
				CLANG_ENABLE_OBJC_ARC = YES;
				CLANG_WARN_BOOL_CONVERSION = YES;
				CLANG_WARN_CONSTANT_CONVERSION = YES;
				CLANG_WARN_DIRECT_OBJC_ISA_USAGE = YES_ERROR;
				CLANG_WARN_DOCUMENTATION_COMMENTS = YES;
				CLANG_WARN_EMPTY_BODY = YES;
				CLANG_WARN_ENUM_CONVERSION = YES;
				CLANG_WARN_INFINITE_RECURSION = YES;
				CLANG_WARN_INT_CONVERSION = YES;
				CLANG_WARN_OBJC_ROOT_CLASS = YES_ERROR;
				CLANG_WARN_SUSPICIOUS_MOVE = YES;
				CLANG_WARN_UNREACHABLE_CODE = YES;
				CLANG_WARN__DUPLICATE_METHOD_MATCH = YES;
				"CODE_SIGN_IDENTITY[sdk=iphoneos*]" = "iPhone Developer";
				COPY_PHASE_STRIP = NO;
				DEBUG_INFORMATION_FORMAT = dwarf;
				ENABLE_STRICT_OBJC_MSGSEND = YES;
				ENABLE_TESTABILITY = YES;
				GCC_C_LANGUAGE_STANDARD = gnu99;
				GCC_DYNAMIC_NO_PIC = NO;
				GCC_NO_COMMON_BLOCKS = YES;
				GCC_OPTIMIZATION_LEVEL = 0;
				GCC_PREPROCESSOR_DEFINITIONS = (
					"DEBUG=1",
					"$(inherited)",
				);
				GCC_WARN_64_TO_32_BIT_CONVERSION = YES;
				GCC_WARN_ABOUT_RETURN_TYPE = YES_ERROR;
				GCC_WARN_UNDECLARED_SELECTOR = YES;
				GCC_WARN_UNINITIALIZED_AUTOS = YES_AGGRESSIVE;
				GCC_WARN_UNUSED_FUNCTION = YES;
				GCC_WARN_UNUSED_VARIABLE = YES;
				IPHONEOS_DEPLOYMENT_TARGET = 10.2;
				MTL_ENABLE_DEBUG_INFO = YES;
				ONLY_ACTIVE_ARCH = YES;
				SDKROOT = iphoneos;
				SWIFT_ACTIVE_COMPILATION_CONDITIONS = DEBUG;
				SWIFT_OPTIMIZATION_LEVEL = "-Onone";
				TARGETED_DEVICE_FAMILY = "1,2";
			};
			name = Debug;
		};
		F5EDC1461FA739A200A1DBAF /* Release */ = {
			isa = XCBuildConfiguration;
			buildSettings = {
				ALWAYS_SEARCH_USER_PATHS = NO;
				CLANG_ANALYZER_NONNULL = YES;
				CLANG_CXX_LANGUAGE_STANDARD = "gnu++0x";
				CLANG_CXX_LIBRARY = "libc++";
				CLANG_ENABLE_MODULES = YES;
				CLANG_ENABLE_OBJC_ARC = YES;
				CLANG_WARN_BOOL_CONVERSION = YES;
				CLANG_WARN_CONSTANT_CONVERSION = YES;
				CLANG_WARN_DIRECT_OBJC_ISA_USAGE = YES_ERROR;
				CLANG_WARN_DOCUMENTATION_COMMENTS = YES;
				CLANG_WARN_EMPTY_BODY = YES;
				CLANG_WARN_ENUM_CONVERSION = YES;
				CLANG_WARN_INFINITE_RECURSION = YES;
				CLANG_WARN_INT_CONVERSION = YES;
				CLANG_WARN_OBJC_ROOT_CLASS = YES_ERROR;
				CLANG_WARN_SUSPICIOUS_MOVE = YES;
				CLANG_WARN_UNREACHABLE_CODE = YES;
				CLANG_WARN__DUPLICATE_METHOD_MATCH = YES;
				"CODE_SIGN_IDENTITY[sdk=iphoneos*]" = "iPhone Developer";
				COPY_PHASE_STRIP = NO;
				DEBUG_INFORMATION_FORMAT = "dwarf-with-dsym";
				ENABLE_NS_ASSERTIONS = NO;
				ENABLE_STRICT_OBJC_MSGSEND = YES;
				GCC_C_LANGUAGE_STANDARD = gnu99;
				GCC_NO_COMMON_BLOCKS = YES;
				GCC_WARN_64_TO_32_BIT_CONVERSION = YES;
				GCC_WARN_ABOUT_RETURN_TYPE = YES_ERROR;
				GCC_WARN_UNDECLARED_SELECTOR = YES;
				GCC_WARN_UNINITIALIZED_AUTOS = YES_AGGRESSIVE;
				GCC_WARN_UNUSED_FUNCTION = YES;
				GCC_WARN_UNUSED_VARIABLE = YES;
				IPHONEOS_DEPLOYMENT_TARGET = 10.2;
				MTL_ENABLE_DEBUG_INFO = NO;
				SDKROOT = iphoneos;
				SWIFT_OPTIMIZATION_LEVEL = "-Owholemodule";
				TARGETED_DEVICE_FAMILY = "1,2";
				VALIDATE_PRODUCT = YES;
			};
			name = Release;
		};
		F5EDC1481FA739A200A1DBAF /* Debug */ = {
			isa = XCBuildConfiguration;
			baseConfigurationReference = BFC433B241B3C4F72B119FC4 /* Pods-ventures.debug.xcconfig */;
			buildSettings = {
				ASSETCATALOG_COMPILER_APPICON_NAME = AppIcon;
				INFOPLIST_FILE = ventures/Info.plist;
				LD_RUNPATH_SEARCH_PATHS = "$(inherited) @executable_path/Frameworks";
				PRODUCT_BUNDLE_IDENTIFIER = com.hizmet.ventures;
				PRODUCT_NAME = "$(TARGET_NAME)";
				SWIFT_VERSION = 3.0;
			};
			name = Debug;
		};
		F5EDC1491FA739A200A1DBAF /* Release */ = {
			isa = XCBuildConfiguration;
			baseConfigurationReference = 1355C36326C6F3DB6EE0ED78 /* Pods-ventures.release.xcconfig */;
			buildSettings = {
				ASSETCATALOG_COMPILER_APPICON_NAME = AppIcon;
				INFOPLIST_FILE = ventures/Info.plist;
				LD_RUNPATH_SEARCH_PATHS = "$(inherited) @executable_path/Frameworks";
				PRODUCT_BUNDLE_IDENTIFIER = com.hizmet.ventures;
				PRODUCT_NAME = "$(TARGET_NAME)";
				SWIFT_VERSION = 3.0;
			};
			name = Release;
		};
/* End XCBuildConfiguration section */

/* Begin XCConfigurationList section */
		F5EDC1301FA739A200A1DBAF /* Build configuration list for PBXProject "ventures" */ = {
			isa = XCConfigurationList;
			buildConfigurations = (
				F5EDC1451FA739A200A1DBAF /* Debug */,
				F5EDC1461FA739A200A1DBAF /* Release */,
			);
			defaultConfigurationIsVisible = 0;
			defaultConfigurationName = Release;
		};
		F5EDC1471FA739A200A1DBAF /* Build configuration list for PBXNativeTarget "ventures" */ = {
			isa = XCConfigurationList;
			buildConfigurations = (
				F5EDC1481FA739A200A1DBAF /* Debug */,
				F5EDC1491FA739A200A1DBAF /* Release */,
			);
			defaultConfigurationIsVisible = 0;
			defaultConfigurationName = Release;
		};
/* End XCConfigurationList section */
	};
	rootObject = F5EDC12D1FA739A200A1DBAF /* Project object */;
}
