// !$*UTF8*$!
{
	archiveVersion = 1;
	classes = {
	};
	objectVersion = 46;
	objects = {

/* Begin PBXBuildFile section */
		76C27784955F44D27D36A34E /* Pods_iOS_BW_Ventures.framework in Frameworks */ = {isa = PBXBuildFile; fileRef = FB81BD5AA101ED674FF7215B /* Pods_iOS_BW_Ventures.framework */; };
		F55ACCD71F71029D00AEF151 /* GoogleService-Info.plist in Resources */ = {isa = PBXBuildFile; fileRef = F55ACCD61F71029D00AEF151 /* GoogleService-Info.plist */; };
		F568329F1F6FD609004A10F8 /* AppDelegate.swift in Sources */ = {isa = PBXBuildFile; fileRef = F568329E1F6FD609004A10F8 /* AppDelegate.swift */; };
		F56832A11F6FD609004A10F8 /* ViewController.swift in Sources */ = {isa = PBXBuildFile; fileRef = F56832A01F6FD609004A10F8 /* ViewController.swift */; };
		F56832A41F6FD609004A10F8 /* Main.storyboard in Resources */ = {isa = PBXBuildFile; fileRef = F56832A21F6FD609004A10F8 /* Main.storyboard */; };
		F56832A61F6FD609004A10F8 /* Assets.xcassets in Resources */ = {isa = PBXBuildFile; fileRef = F56832A51F6FD609004A10F8 /* Assets.xcassets */; };
		F56832A91F6FD609004A10F8 /* LaunchScreen.storyboard in Resources */ = {isa = PBXBuildFile; fileRef = F56832A71F6FD609004A10F8 /* LaunchScreen.storyboard */; };
		F583D24E1F7E520500B84558 /* LoginContainerClass.swift in Sources */ = {isa = PBXBuildFile; fileRef = F583D24D1F7E520500B84558 /* LoginContainerClass.swift */; };
		F597B0491F7BC33F00FE83A4 /* Montserrat-Regular.ttf in Resources */ = {isa = PBXBuildFile; fileRef = F597B0481F7BC33F00FE83A4 /* Montserrat-Regular.ttf */; };
		F5F4F52B1F839A2100CECCAB /* ExperimentsClass.swift in Sources */ = {isa = PBXBuildFile; fileRef = F5F4F52A1F839A2100CECCAB /* ExperimentsClass.swift */; };
		F5F4F52D1F839C5F00CECCAB /* Intro.otf in Resources */ = {isa = PBXBuildFile; fileRef = F5F4F52C1F839C5F00CECCAB /* Intro.otf */; };
/* End PBXBuildFile section */

/* Begin PBXFileReference section */
		84F4BB79636F415733B8E2C1 /* Pods-iOS_BW-Ventures.debug.xcconfig */ = {isa = PBXFileReference; includeInIndex = 1; lastKnownFileType = text.xcconfig; name = "Pods-iOS_BW-Ventures.debug.xcconfig"; path = "Pods/Target Support Files/Pods-iOS_BW-Ventures/Pods-iOS_BW-Ventures.debug.xcconfig"; sourceTree = "<group>"; };
		E6CC030C619C26D4DA8C0A06 /* Pods-iOS_BW-Ventures.release.xcconfig */ = {isa = PBXFileReference; includeInIndex = 1; lastKnownFileType = text.xcconfig; name = "Pods-iOS_BW-Ventures.release.xcconfig"; path = "Pods/Target Support Files/Pods-iOS_BW-Ventures/Pods-iOS_BW-Ventures.release.xcconfig"; sourceTree = "<group>"; };
		F55ACCD61F71029D00AEF151 /* GoogleService-Info.plist */ = {isa = PBXFileReference; fileEncoding = 4; lastKnownFileType = text.plist.xml; path = "GoogleService-Info.plist"; sourceTree = "<group>"; };
		F568329B1F6FD609004A10F8 /* iOS_BW-Ventures.app */ = {isa = PBXFileReference; explicitFileType = wrapper.application; includeInIndex = 0; path = "iOS_BW-Ventures.app"; sourceTree = BUILT_PRODUCTS_DIR; };
		F568329E1F6FD609004A10F8 /* AppDelegate.swift */ = {isa = PBXFileReference; lastKnownFileType = sourcecode.swift; path = AppDelegate.swift; sourceTree = "<group>"; };
		F56832A01F6FD609004A10F8 /* ViewController.swift */ = {isa = PBXFileReference; lastKnownFileType = sourcecode.swift; path = ViewController.swift; sourceTree = "<group>"; };
		F56832A31F6FD609004A10F8 /* Base */ = {isa = PBXFileReference; lastKnownFileType = file.storyboard; name = Base; path = Base.lproj/Main.storyboard; sourceTree = "<group>"; };
		F56832A51F6FD609004A10F8 /* Assets.xcassets */ = {isa = PBXFileReference; lastKnownFileType = folder.assetcatalog; path = Assets.xcassets; sourceTree = "<group>"; };
		F56832A81F6FD609004A10F8 /* Base */ = {isa = PBXFileReference; lastKnownFileType = file.storyboard; name = Base; path = Base.lproj/LaunchScreen.storyboard; sourceTree = "<group>"; };
		F56832AA1F6FD609004A10F8 /* Info.plist */ = {isa = PBXFileReference; lastKnownFileType = text.plist.xml; path = Info.plist; sourceTree = "<group>"; };
		F583D24D1F7E520500B84558 /* LoginContainerClass.swift */ = {isa = PBXFileReference; fileEncoding = 4; lastKnownFileType = sourcecode.swift; path = LoginContainerClass.swift; sourceTree = "<group>"; };
		F597B0481F7BC33F00FE83A4 /* Montserrat-Regular.ttf */ = {isa = PBXFileReference; lastKnownFileType = file; path = "Montserrat-Regular.ttf"; sourceTree = "<group>"; };
		F5F4F52A1F839A2100CECCAB /* ExperimentsClass.swift */ = {isa = PBXFileReference; fileEncoding = 4; lastKnownFileType = sourcecode.swift; path = ExperimentsClass.swift; sourceTree = "<group>"; };
		F5F4F52C1F839C5F00CECCAB /* Intro.otf */ = {isa = PBXFileReference; lastKnownFileType = file; path = Intro.otf; sourceTree = "<group>"; };
		FB81BD5AA101ED674FF7215B /* Pods_iOS_BW_Ventures.framework */ = {isa = PBXFileReference; explicitFileType = wrapper.framework; includeInIndex = 0; path = Pods_iOS_BW_Ventures.framework; sourceTree = BUILT_PRODUCTS_DIR; };
/* End PBXFileReference section */

/* Begin PBXFrameworksBuildPhase section */
		F56832981F6FD609004A10F8 /* Frameworks */ = {
			isa = PBXFrameworksBuildPhase;
			buildActionMask = 2147483647;
			files = (
				76C27784955F44D27D36A34E /* Pods_iOS_BW_Ventures.framework in Frameworks */,
			);
			runOnlyForDeploymentPostprocessing = 0;
		};
/* End PBXFrameworksBuildPhase section */

/* Begin PBXGroup section */
		4D477B7BEEB49749D6E47DE5 /* Pods */ = {
			isa = PBXGroup;
			children = (
				84F4BB79636F415733B8E2C1 /* Pods-iOS_BW-Ventures.debug.xcconfig */,
				E6CC030C619C26D4DA8C0A06 /* Pods-iOS_BW-Ventures.release.xcconfig */,
			);
			name = Pods;
			sourceTree = "<group>";
		};
		E32E41A6A668D4CF3A7CFCFC /* Frameworks */ = {
			isa = PBXGroup;
			children = (
				FB81BD5AA101ED674FF7215B /* Pods_iOS_BW_Ventures.framework */,
			);
			name = Frameworks;
			sourceTree = "<group>";
		};
		F56832921F6FD608004A10F8 = {
			isa = PBXGroup;
			children = (
				F5F4F52A1F839A2100CECCAB /* ExperimentsClass.swift */,
				F568329D1F6FD609004A10F8 /* iOS_BW-Ventures */,
				F568329C1F6FD609004A10F8 /* Products */,
				4D477B7BEEB49749D6E47DE5 /* Pods */,
				E32E41A6A668D4CF3A7CFCFC /* Frameworks */,
			);
			sourceTree = "<group>";
		};
		F568329C1F6FD609004A10F8 /* Products */ = {
			isa = PBXGroup;
			children = (
				F568329B1F6FD609004A10F8 /* iOS_BW-Ventures.app */,
			);
			name = Products;
			sourceTree = "<group>";
		};
		F568329D1F6FD609004A10F8 /* iOS_BW-Ventures */ = {
			isa = PBXGroup;
			children = (
				F597B0471F7BC2FA00FE83A4 /* Fonts */,
				F568329E1F6FD609004A10F8 /* AppDelegate.swift */,
				F56832A01F6FD609004A10F8 /* ViewController.swift */,
				F583D24D1F7E520500B84558 /* LoginContainerClass.swift */,
				F56832A21F6FD609004A10F8 /* Main.storyboard */,
				F56832A51F6FD609004A10F8 /* Assets.xcassets */,
				F56832A71F6FD609004A10F8 /* LaunchScreen.storyboard */,
				F56832AA1F6FD609004A10F8 /* Info.plist */,
				F55ACCD61F71029D00AEF151 /* GoogleService-Info.plist */,
			);
			path = "iOS_BW-Ventures";
			sourceTree = "<group>";
		};
		F597B0471F7BC2FA00FE83A4 /* Fonts */ = {
			isa = PBXGroup;
			children = (
				F597B0481F7BC33F00FE83A4 /* Montserrat-Regular.ttf */,
				F5F4F52C1F839C5F00CECCAB /* Intro.otf */,
			);
			name = Fonts;
			sourceTree = "<group>";
		};
/* End PBXGroup section */

/* Begin PBXNativeTarget section */
		F568329A1F6FD609004A10F8 /* iOS_BW-Ventures */ = {
			isa = PBXNativeTarget;
			buildConfigurationList = F56832AD1F6FD609004A10F8 /* Build configuration list for PBXNativeTarget "iOS_BW-Ventures" */;
			buildPhases = (
				03E44B16C519019E598EAA30 /* [CP] Check Pods Manifest.lock */,
				F56832971F6FD609004A10F8 /* Sources */,
				F56832981F6FD609004A10F8 /* Frameworks */,
				F56832991F6FD609004A10F8 /* Resources */,
				D6371160489CA4F082A36CBE /* [CP] Embed Pods Frameworks */,
				779F99A238EC8A2C3632AD29 /* [CP] Copy Pods Resources */,
			);
			buildRules = (
			);
			dependencies = (
			);
			name = "iOS_BW-Ventures";
			productName = "iOS_BW-Ventures";
			productReference = F568329B1F6FD609004A10F8 /* iOS_BW-Ventures.app */;
			productType = "com.apple.product-type.application";
		};
/* End PBXNativeTarget section */

/* Begin PBXProject section */
		F56832931F6FD608004A10F8 /* Project object */ = {
			isa = PBXProject;
			attributes = {
				LastSwiftUpdateCheck = 0820;
				LastUpgradeCheck = 0820;
				ORGANIZATIONNAME = Lycyic;
				TargetAttributes = {
					F568329A1F6FD609004A10F8 = {
						CreatedOnToolsVersion = 8.2.1;
						ProvisioningStyle = Automatic;
					};
				};
			};
			buildConfigurationList = F56832961F6FD608004A10F8 /* Build configuration list for PBXProject "iOS_BW-Ventures" */;
			compatibilityVersion = "Xcode 3.2";
			developmentRegion = English;
			hasScannedForEncodings = 0;
			knownRegions = (
				en,
				Base,
			);
			mainGroup = F56832921F6FD608004A10F8;
			productRefGroup = F568329C1F6FD609004A10F8 /* Products */;
			projectDirPath = "";
			projectRoot = "";
			targets = (
				F568329A1F6FD609004A10F8 /* iOS_BW-Ventures */,
			);
		};
/* End PBXProject section */

/* Begin PBXResourcesBuildPhase section */
		F56832991F6FD609004A10F8 /* Resources */ = {
			isa = PBXResourcesBuildPhase;
			buildActionMask = 2147483647;
			files = (
				F5F4F52D1F839C5F00CECCAB /* Intro.otf in Resources */,
				F56832A91F6FD609004A10F8 /* LaunchScreen.storyboard in Resources */,
				F55ACCD71F71029D00AEF151 /* GoogleService-Info.plist in Resources */,
				F56832A61F6FD609004A10F8 /* Assets.xcassets in Resources */,
				F597B0491F7BC33F00FE83A4 /* Montserrat-Regular.ttf in Resources */,
				F56832A41F6FD609004A10F8 /* Main.storyboard in Resources */,
			);
			runOnlyForDeploymentPostprocessing = 0;
		};
/* End PBXResourcesBuildPhase section */

/* Begin PBXShellScriptBuildPhase section */
		03E44B16C519019E598EAA30 /* [CP] Check Pods Manifest.lock */ = {
			isa = PBXShellScriptBuildPhase;
			buildActionMask = 2147483647;
			files = (
			);
			inputPaths = (
				"${PODS_PODFILE_DIR_PATH}/Podfile.lock",
				"${PODS_ROOT}/Manifest.lock",
			);
			name = "[CP] Check Pods Manifest.lock";
			outputPaths = (
				"$(DERIVED_FILE_DIR)/Pods-iOS_BW-Ventures-checkManifestLockResult.txt",
			);
			runOnlyForDeploymentPostprocessing = 0;
			shellPath = /bin/sh;
			shellScript = "diff \"${PODS_PODFILE_DIR_PATH}/Podfile.lock\" \"${PODS_ROOT}/Manifest.lock\" > /dev/null\nif [ $? != 0 ] ; then\n    # print error to STDERR\n    echo \"error: The sandbox is not in sync with the Podfile.lock. Run 'pod install' or update your CocoaPods installation.\" >&2\n    exit 1\nfi\n# This output is used by Xcode 'outputs' to avoid re-running this script phase.\necho \"SUCCESS\" > \"${SCRIPT_OUTPUT_FILE_0}\"\n";
			showEnvVarsInLog = 0;
		};
		779F99A238EC8A2C3632AD29 /* [CP] Copy Pods Resources */ = {
			isa = PBXShellScriptBuildPhase;
			buildActionMask = 2147483647;
			files = (
			);
			inputPaths = (
			);
			name = "[CP] Copy Pods Resources";
			outputPaths = (
			);
			runOnlyForDeploymentPostprocessing = 0;
			shellPath = /bin/sh;
			shellScript = "\"${SRCROOT}/Pods/Target Support Files/Pods-iOS_BW-Ventures/Pods-iOS_BW-Ventures-resources.sh\"\n";
			showEnvVarsInLog = 0;
		};
		D6371160489CA4F082A36CBE /* [CP] Embed Pods Frameworks */ = {
			isa = PBXShellScriptBuildPhase;
			buildActionMask = 2147483647;
			files = (
			);
			inputPaths = (
				"${SRCROOT}/Pods/Target Support Files/Pods-iOS_BW-Ventures/Pods-iOS_BW-Ventures-frameworks.sh",
				"${BUILT_PRODUCTS_DIR}/GoogleToolboxForMac/GoogleToolboxForMac.framework",
				"${BUILT_PRODUCTS_DIR}/nanopb/nanopb.framework",
			);
			name = "[CP] Embed Pods Frameworks";
			outputPaths = (
				"${TARGET_BUILD_DIR}/${FRAMEWORKS_FOLDER_PATH}/GoogleToolboxForMac.framework",
				"${TARGET_BUILD_DIR}/${FRAMEWORKS_FOLDER_PATH}/nanopb.framework",
			);
			runOnlyForDeploymentPostprocessing = 0;
			shellPath = /bin/sh;
			shellScript = "\"${SRCROOT}/Pods/Target Support Files/Pods-iOS_BW-Ventures/Pods-iOS_BW-Ventures-frameworks.sh\"\n";
			showEnvVarsInLog = 0;
		};
/* End PBXShellScriptBuildPhase section */

/* Begin PBXSourcesBuildPhase section */
		F56832971F6FD609004A10F8 /* Sources */ = {
			isa = PBXSourcesBuildPhase;
			buildActionMask = 2147483647;
			files = (
				F56832A11F6FD609004A10F8 /* ViewController.swift in Sources */,
				F568329F1F6FD609004A10F8 /* AppDelegate.swift in Sources */,
				F583D24E1F7E520500B84558 /* LoginContainerClass.swift in Sources */,
				F5F4F52B1F839A2100CECCAB /* ExperimentsClass.swift in Sources */,
			);
			runOnlyForDeploymentPostprocessing = 0;
		};
/* End PBXSourcesBuildPhase section */

/* Begin PBXVariantGroup section */
		F56832A21F6FD609004A10F8 /* Main.storyboard */ = {
			isa = PBXVariantGroup;
			children = (
				F56832A31F6FD609004A10F8 /* Base */,
			);
			name = Main.storyboard;
			sourceTree = "<group>";
		};
		F56832A71F6FD609004A10F8 /* LaunchScreen.storyboard */ = {
			isa = PBXVariantGroup;
			children = (
				F56832A81F6FD609004A10F8 /* Base */,
			);
			name = LaunchScreen.storyboard;
			sourceTree = "<group>";
		};
/* End PBXVariantGroup section */

/* Begin XCBuildConfiguration section */
		F56832AB1F6FD609004A10F8 /* Debug */ = {
			isa = XCBuildConfiguration;
			buildSettings = {
				ALWAYS_SEARCH_USER_PATHS = NO;
				CLANG_ANALYZER_NONNULL = YES;
				CLANG_CXX_LANGUAGE_STANDARD = "gnu++0x";
				CLANG_CXX_LIBRARY = "libc++";
				CLANG_ENABLE_MODULES = YES;
				CLANG_ENABLE_OBJC_ARC = YES;
				CLANG_WARN_BOOL_CONVERSION = YES;
				CLANG_WARN_CONSTANT_CONVERSION = YES;
				CLANG_WARN_DIRECT_OBJC_ISA_USAGE = YES_ERROR;
				CLANG_WARN_DOCUMENTATION_COMMENTS = YES;
				CLANG_WARN_EMPTY_BODY = YES;
				CLANG_WARN_ENUM_CONVERSION = YES;
				CLANG_WARN_INFINITE_RECURSION = YES;
				CLANG_WARN_INT_CONVERSION = YES;
				CLANG_WARN_OBJC_ROOT_CLASS = YES_ERROR;
				CLANG_WARN_SUSPICIOUS_MOVE = YES;
				CLANG_WARN_UNREACHABLE_CODE = YES;
				CLANG_WARN__DUPLICATE_METHOD_MATCH = YES;
				"CODE_SIGN_IDENTITY[sdk=iphoneos*]" = "iPhone Developer";
				COPY_PHASE_STRIP = NO;
				DEBUG_INFORMATION_FORMAT = dwarf;
				ENABLE_STRICT_OBJC_MSGSEND = YES;
				ENABLE_TESTABILITY = YES;
				GCC_C_LANGUAGE_STANDARD = gnu99;
				GCC_DYNAMIC_NO_PIC = NO;
				GCC_NO_COMMON_BLOCKS = YES;
				GCC_OPTIMIZATION_LEVEL = 0;
				GCC_PREPROCESSOR_DEFINITIONS = (
					"DEBUG=1",
					"$(inherited)",
				);
				GCC_WARN_64_TO_32_BIT_CONVERSION = YES;
				GCC_WARN_ABOUT_RETURN_TYPE = YES_ERROR;
				GCC_WARN_UNDECLARED_SELECTOR = YES;
				GCC_WARN_UNINITIALIZED_AUTOS = YES_AGGRESSIVE;
				GCC_WARN_UNUSED_FUNCTION = YES;
				GCC_WARN_UNUSED_VARIABLE = YES;
				IPHONEOS_DEPLOYMENT_TARGET = 10.2;
				MTL_ENABLE_DEBUG_INFO = YES;
				ONLY_ACTIVE_ARCH = YES;
				SDKROOT = iphoneos;
				SWIFT_ACTIVE_COMPILATION_CONDITIONS = DEBUG;
				SWIFT_OPTIMIZATION_LEVEL = "-Onone";
			};
			name = Debug;
		};
		F56832AC1F6FD609004A10F8 /* Release */ = {
			isa = XCBuildConfiguration;
			buildSettings = {
				ALWAYS_SEARCH_USER_PATHS = NO;
				CLANG_ANALYZER_NONNULL = YES;
				CLANG_CXX_LANGUAGE_STANDARD = "gnu++0x";
				CLANG_CXX_LIBRARY = "libc++";
				CLANG_ENABLE_MODULES = YES;
				CLANG_ENABLE_OBJC_ARC = YES;
				CLANG_WARN_BOOL_CONVERSION = YES;
				CLANG_WARN_CONSTANT_CONVERSION = YES;
				CLANG_WARN_DIRECT_OBJC_ISA_USAGE = YES_ERROR;
				CLANG_WARN_DOCUMENTATION_COMMENTS = YES;
				CLANG_WARN_EMPTY_BODY = YES;
				CLANG_WARN_ENUM_CONVERSION = YES;
				CLANG_WARN_INFINITE_RECURSION = YES;
				CLANG_WARN_INT_CONVERSION = YES;
				CLANG_WARN_OBJC_ROOT_CLASS = YES_ERROR;
				CLANG_WARN_SUSPICIOUS_MOVE = YES;
				CLANG_WARN_UNREACHABLE_CODE = YES;
				CLANG_WARN__DUPLICATE_METHOD_MATCH = YES;
				"CODE_SIGN_IDENTITY[sdk=iphoneos*]" = "iPhone Developer";
				COPY_PHASE_STRIP = NO;
				DEBUG_INFORMATION_FORMAT = "dwarf-with-dsym";
				ENABLE_NS_ASSERTIONS = NO;
				ENABLE_STRICT_OBJC_MSGSEND = YES;
				GCC_C_LANGUAGE_STANDARD = gnu99;
				GCC_NO_COMMON_BLOCKS = YES;
				GCC_WARN_64_TO_32_BIT_CONVERSION = YES;
				GCC_WARN_ABOUT_RETURN_TYPE = YES_ERROR;
				GCC_WARN_UNDECLARED_SELECTOR = YES;
				GCC_WARN_UNINITIALIZED_AUTOS = YES_AGGRESSIVE;
				GCC_WARN_UNUSED_FUNCTION = YES;
				GCC_WARN_UNUSED_VARIABLE = YES;
				IPHONEOS_DEPLOYMENT_TARGET = 10.2;
				MTL_ENABLE_DEBUG_INFO = NO;
				SDKROOT = iphoneos;
				SWIFT_OPTIMIZATION_LEVEL = "-Owholemodule";
				VALIDATE_PRODUCT = YES;
			};
			name = Release;
		};
		F56832AE1F6FD609004A10F8 /* Debug */ = {
			isa = XCBuildConfiguration;
			baseConfigurationReference = 84F4BB79636F415733B8E2C1 /* Pods-iOS_BW-Ventures.debug.xcconfig */;
			buildSettings = {
				ASSETCATALOG_COMPILER_APPICON_NAME = AppIcon;
				INFOPLIST_FILE = "iOS_BW-Ventures/Info.plist";
				LD_RUNPATH_SEARCH_PATHS = "$(inherited) @executable_path/Frameworks";
				PRODUCT_BUNDLE_IDENTIFIER = "com.hizmet.iOS-BW-Ventures";
				PRODUCT_NAME = "$(TARGET_NAME)";
				SWIFT_VERSION = 3.0;
			};
			name = Debug;
		};
		F56832AF1F6FD609004A10F8 /* Release */ = {
			isa = XCBuildConfiguration;
			baseConfigurationReference = E6CC030C619C26D4DA8C0A06 /* Pods-iOS_BW-Ventures.release.xcconfig */;
			buildSettings = {
				ASSETCATALOG_COMPILER_APPICON_NAME = AppIcon;
				INFOPLIST_FILE = "iOS_BW-Ventures/Info.plist";
				LD_RUNPATH_SEARCH_PATHS = "$(inherited) @executable_path/Frameworks";
				PRODUCT_BUNDLE_IDENTIFIER = "com.hizmet.iOS-BW-Ventures";
				PRODUCT_NAME = "$(TARGET_NAME)";
				SWIFT_VERSION = 3.0;
			};
			name = Release;
		};
/* End XCBuildConfiguration section */

/* Begin XCConfigurationList section */
		F56832961F6FD608004A10F8 /* Build configuration list for PBXProject "iOS_BW-Ventures" */ = {
			isa = XCConfigurationList;
			buildConfigurations = (
				F56832AB1F6FD609004A10F8 /* Debug */,
				F56832AC1F6FD609004A10F8 /* Release */,
			);
			defaultConfigurationIsVisible = 0;
			defaultConfigurationName = Release;
		};
		F56832AD1F6FD609004A10F8 /* Build configuration list for PBXNativeTarget "iOS_BW-Ventures" */ = {
			isa = XCConfigurationList;
			buildConfigurations = (
				F56832AE1F6FD609004A10F8 /* Debug */,
				F56832AF1F6FD609004A10F8 /* Release */,
			);
			defaultConfigurationIsVisible = 0;
			defaultConfigurationName = Release;
		};
/* End XCConfigurationList section */
	};
	rootObject = F56832931F6FD608004A10F8 /* Project object */;
}
